
Microsoft Visual Studio Solution File, Format Version 12.00
Project("{FAE04EC0-301F-11D3-BF4B-00C04F79EFBC}") = "QueueSystem", "QueueSystem\QueueSystem.csproj", "{2929134A-B226-4D16-8F58-BFFB6F8E7904}"
EndProject
Global
	GlobalSection(SolutionConfigurationPlatforms) = preSolution
		Debug|Any CPU = Debug|Any CPU
		Release|Any CPU = Release|Any CPU
	EndGlobalSection
	GlobalSection(ProjectConfigurationPlatforms) = postSolution
		{2929134A-B226-4D16-8F58-BFFB6F8E7904}.Debug|Any CPU.ActiveCfg = Debug|Any CPU
		{2929134A-B226-4D16-8F58-BFFB6F8E7904}.Debug|Any CPU.Build.0 = Debug|Any CPU
		{2929134A-B226-4D16-8F58-BFFB6F8E7904}.Release|Any CPU.ActiveCfg = Release|Any CPU
		{2929134A-B226-4D16-8F58-BFFB6F8E7904}.Release|Any CPU.Build.0 = Release|Any CPU
	EndGlobalSection
EndGlobal
